
Microsoft Visual Studio Solution File, Format Version 12.00
# Visual Studio 15
VisualStudioVersion = 15.0.26228.102
MinimumVisualStudioVersion = 10.0.40219.1
Project("{F184B08F-C81C-45F6-A57F-5ABD9991F28F}") = "TicketingSystem", "vb assignment\TicketingSystem.vbproj", "{1FFDE735-9BC8-4B09-87B2-6A6E8D0DBDEF}"
EndProject
Global
	GlobalSection(SolutionConfigurationPlatforms) = preSolution
		Debug|Any CPU = Debug|Any CPU
		Release|Any CPU = Release|Any CPU
	EndGlobalSection
	GlobalSection(ProjectConfigurationPlatforms) = postSolution
		{1FFDE735-9BC8-4B09-87B2-6A6E8D0DBDEF}.Debug|Any CPU.ActiveCfg = Debug|Any CPU
		{1FFDE735-9BC8-4B09-87B2-6A6E8D0DBDEF}.Debug|Any CPU.Build.0 = Debug|Any CPU
		{1FFDE735-9BC8-4B09-87B2-6A6E8D0DBDEF}.Release|Any CPU.ActiveCfg = Release|Any CPU
		{1FFDE735-9BC8-4B09-87B2-6A6E8D0DBDEF}.Release|Any CPU.Build.0 = Release|Any CPU
	EndGlobalSection
	GlobalSection(SolutionProperties) = preSolution
		HideSolutionNode = FALSE
	EndGlobalSection
	GlobalSection(ExtensibilityGlobals) = postSolution
		SolutionGuid = {CB5A33D3-F4B0-4EA6-9385-5199C911411C}
	EndGlobalSection
EndGlobal
